
Microsoft Visual Studio Solution File, Format Version 12.00
# Visual Studio Version 16
VisualStudioVersion = 16.0.30503.244
MinimumVisualStudioVersion = 10.0.40219.1
Project("{9A19103F-16F7-4668-BE54-9A1E7A4F7556}") = "FluxoDeCaixa.Api", "FluxoDeCaixa.Api\FluxoDeCaixa.Api.csproj", "{E66B0F83-7D66-44C3-B8DC-F1E2C04A572C}"
EndProject
Project("{2150E333-8FDC-42A3-9474-1A3956D46DE8}") = "1 - Apresentação", "1 - Apresentação", "{87C0E72E-A27C-426F-BC2F-C9418D3FAB8C}"
EndProject
Project("{2150E333-8FDC-42A3-9474-1A3956D46DE8}") = "2 - Aplicação", "2 - Aplicação", "{EC5C55BA-10E7-4C0F-BA8F-33FFC4D36D8C}"
EndProject
Project("{2150E333-8FDC-42A3-9474-1A3956D46DE8}") = "3 - Domínio", "3 - Domínio", "{3D53E1CF-78D8-434C-88F6-21F0B3C9AC65}"
EndProject
Project("{2150E333-8FDC-42A3-9474-1A3956D46DE8}") = "4 - Infraestrutura", "4 - Infraestrutura", "{6EF5194D-65E8-4937-B3B6-3493ED720CAB}"
EndProject
Project("{2150E333-8FDC-42A3-9474-1A3956D46DE8}") = "5 - Dependências Externas", "5 - Dependências Externas", "{9CF5732B-7049-46E6-9C32-FAFEFBAC5652}"
EndProject
Project("{2150E333-8FDC-42A3-9474-1A3956D46DE8}") = "6 - Documentação", "6 - Documentação", "{9D1818B7-BA49-4F78-A992-2207EF8276B3}"
EndProject
Project("{9A19103F-16F7-4668-BE54-9A1E7A4F7556}") = "FluxoDeCaixa.Workers", "FluxoDeCaixa.Workers\FluxoDeCaixa.Workers.csproj", "{E57BBFEB-37F1-4CC4-B5AB-86C17C81CDC3}"
EndProject
Project("{9A19103F-16F7-4668-BE54-9A1E7A4F7556}") = "FluxoDeCaixa.Application", "FluxoDeCaixa.Application\FluxoDeCaixa.Application.csproj", "{DEFE86C8-ACCC-4F37-8920-0391F36B163A}"
EndProject
Project("{FAE04EC0-301F-11D3-BF4B-00C04F79EFBC}") = "FluxoDeCaixa.Application.Core", "FluxoDeCaixa.Application.Core\FluxoDeCaixa.Application.Core.csproj", "{4E0BCE51-9CDA-4DC7-A65C-53DFB9A06542}"
EndProject
Project("{FAE04EC0-301F-11D3-BF4B-00C04F79EFBC}") = "FluxoDeCaixa.Domain", "FluxoDeCaixa.Domain\FluxoDeCaixa.Domain.csproj", "{2F7F8E0E-9263-4343-A152-8C4A81D5240C}"
EndProject
Project("{FAE04EC0-301F-11D3-BF4B-00C04F79EFBC}") = "FluxoDeCaixa.Infrastructure", "FluxoDeCaixa.Infrastructure\FluxoDeCaixa.Infrastructure.csproj", "{F62199EA-432D-415D-AD7C-F99129D918D7}"
EndProject
Project("{FAE04EC0-301F-11D3-BF4B-00C04F79EFBC}") = "FluxoDeCaixa.Domain.Tests", "FluxoDeCaixa.Domain.Tests\FluxoDeCaixa.Domain.Tests.csproj", "{3BFA8E97-239F-422F-B4C9-5AE0E2078CEB}"
EndProject
Global
	GlobalSection(SolutionConfigurationPlatforms) = preSolution
		Debug|Any CPU = Debug|Any CPU
		Release|Any CPU = Release|Any CPU
	EndGlobalSection
	GlobalSection(ProjectConfigurationPlatforms) = postSolution
		{E66B0F83-7D66-44C3-B8DC-F1E2C04A572C}.Debug|Any CPU.ActiveCfg = Debug|Any CPU
		{E66B0F83-7D66-44C3-B8DC-F1E2C04A572C}.Debug|Any CPU.Build.0 = Debug|Any CPU
		{E66B0F83-7D66-44C3-B8DC-F1E2C04A572C}.Release|Any CPU.ActiveCfg = Release|Any CPU
		{E66B0F83-7D66-44C3-B8DC-F1E2C04A572C}.Release|Any CPU.Build.0 = Release|Any CPU
		{E57BBFEB-37F1-4CC4-B5AB-86C17C81CDC3}.Debug|Any CPU.ActiveCfg = Debug|Any CPU
		{E57BBFEB-37F1-4CC4-B5AB-86C17C81CDC3}.Debug|Any CPU.Build.0 = Debug|Any CPU
		{E57BBFEB-37F1-4CC4-B5AB-86C17C81CDC3}.Release|Any CPU.ActiveCfg = Release|Any CPU
		{E57BBFEB-37F1-4CC4-B5AB-86C17C81CDC3}.Release|Any CPU.Build.0 = Release|Any CPU
		{DEFE86C8-ACCC-4F37-8920-0391F36B163A}.Debug|Any CPU.ActiveCfg = Debug|Any CPU
		{DEFE86C8-ACCC-4F37-8920-0391F36B163A}.Debug|Any CPU.Build.0 = Debug|Any CPU
		{DEFE86C8-ACCC-4F37-8920-0391F36B163A}.Release|Any CPU.ActiveCfg = Release|Any CPU
		{DEFE86C8-ACCC-4F37-8920-0391F36B163A}.Release|Any CPU.Build.0 = Release|Any CPU
		{4E0BCE51-9CDA-4DC7-A65C-53DFB9A06542}.Debug|Any CPU.ActiveCfg = Debug|Any CPU
		{4E0BCE51-9CDA-4DC7-A65C-53DFB9A06542}.Debug|Any CPU.Build.0 = Debug|Any CPU
		{4E0BCE51-9CDA-4DC7-A65C-53DFB9A06542}.Release|Any CPU.ActiveCfg = Release|Any CPU
		{4E0BCE51-9CDA-4DC7-A65C-53DFB9A06542}.Release|Any CPU.Build.0 = Release|Any CPU
		{2F7F8E0E-9263-4343-A152-8C4A81D5240C}.Debug|Any CPU.ActiveCfg = Debug|Any CPU
		{2F7F8E0E-9263-4343-A152-8C4A81D5240C}.Debug|Any CPU.Build.0 = Debug|Any CPU
		{2F7F8E0E-9263-4343-A152-8C4A81D5240C}.Release|Any CPU.ActiveCfg = Release|Any CPU
		{2F7F8E0E-9263-4343-A152-8C4A81D5240C}.Release|Any CPU.Build.0 = Release|Any CPU
		{F62199EA-432D-415D-AD7C-F99129D918D7}.Debug|Any CPU.ActiveCfg = Debug|Any CPU
		{F62199EA-432D-415D-AD7C-F99129D918D7}.Debug|Any CPU.Build.0 = Debug|Any CPU
		{F62199EA-432D-415D-AD7C-F99129D918D7}.Release|Any CPU.ActiveCfg = Release|Any CPU
		{F62199EA-432D-415D-AD7C-F99129D918D7}.Release|Any CPU.Build.0 = Release|Any CPU
		{3BFA8E97-239F-422F-B4C9-5AE0E2078CEB}.Debug|Any CPU.ActiveCfg = Debug|Any CPU
		{3BFA8E97-239F-422F-B4C9-5AE0E2078CEB}.Debug|Any CPU.Build.0 = Debug|Any CPU
		{3BFA8E97-239F-422F-B4C9-5AE0E2078CEB}.Release|Any CPU.ActiveCfg = Release|Any CPU
		{3BFA8E97-239F-422F-B4C9-5AE0E2078CEB}.Release|Any CPU.Build.0 = Release|Any CPU
	EndGlobalSection
	GlobalSection(SolutionProperties) = preSolution
		HideSolutionNode = FALSE
	EndGlobalSection
	GlobalSection(NestedProjects) = preSolution
		{E66B0F83-7D66-44C3-B8DC-F1E2C04A572C} = {87C0E72E-A27C-426F-BC2F-C9418D3FAB8C}
		{E57BBFEB-37F1-4CC4-B5AB-86C17C81CDC3} = {87C0E72E-A27C-426F-BC2F-C9418D3FAB8C}
		{DEFE86C8-ACCC-4F37-8920-0391F36B163A} = {EC5C55BA-10E7-4C0F-BA8F-33FFC4D36D8C}
		{4E0BCE51-9CDA-4DC7-A65C-53DFB9A06542} = {EC5C55BA-10E7-4C0F-BA8F-33FFC4D36D8C}
		{2F7F8E0E-9263-4343-A152-8C4A81D5240C} = {3D53E1CF-78D8-434C-88F6-21F0B3C9AC65}
		{F62199EA-432D-415D-AD7C-F99129D918D7} = {6EF5194D-65E8-4937-B3B6-3493ED720CAB}
		{3BFA8E97-239F-422F-B4C9-5AE0E2078CEB} = {3D53E1CF-78D8-434C-88F6-21F0B3C9AC65}
	EndGlobalSection
	GlobalSection(ExtensibilityGlobals) = postSolution
		SolutionGuid = {B7C1E9A1-3A37-48C1-AC8D-339ABC42DB6D}
	EndGlobalSection
EndGlobal
