
Microsoft Visual Studio Solution File, Format Version 12.00
# Visual Studio Version 16
VisualStudioVersion = 16.0.30503.244
MinimumVisualStudioVersion = 10.0.40219.1
Project("{2150E333-8FDC-42A3-9474-1A3956D46DE8}") = "1 - Apresentação", "1 - Apresentação", "{87C0E72E-A27C-426F-BC2F-C9418D3FAB8C}"
EndProject
Project("{2150E333-8FDC-42A3-9474-1A3956D46DE8}") = "2 - Aplicação", "2 - Aplicação", "{EC5C55BA-10E7-4C0F-BA8F-33FFC4D36D8C}"
EndProject
Project("{2150E333-8FDC-42A3-9474-1A3956D46DE8}") = "3 - Domínio", "3 - Domínio", "{3D53E1CF-78D8-434C-88F6-21F0B3C9AC65}"
EndProject
Project("{2150E333-8FDC-42A3-9474-1A3956D46DE8}") = "4 - Infraestrutura", "4 - Infraestrutura", "{6EF5194D-65E8-4937-B3B6-3493ED720CAB}"
EndProject
Project("{2150E333-8FDC-42A3-9474-1A3956D46DE8}") = "5 - Dependências Externas", "5 - Dependências Externas", "{9CF5732B-7049-46E6-9C32-FAFEFBAC5652}"
EndProject
Project("{2150E333-8FDC-42A3-9474-1A3956D46DE8}") = "6 - Documentação", "6 - Documentação", "{9D1818B7-BA49-4F78-A992-2207EF8276B3}"
	ProjectSection(SolutionItems) = preProject
		Resources\Docs\FluxoDeCaixa.asta = Resources\Docs\FluxoDeCaixa.asta
		Resources\Docs\FluxoDeCaixa_CasosDeUso.png = Resources\Docs\FluxoDeCaixa_CasosDeUso.png
		Resources\Docs\FluxoDeCaixa_Implantacao.png = Resources\Docs\FluxoDeCaixa_Implantacao.png
		Resources\Docs\FluxoDeCaixa_Implementacao.png = Resources\Docs\FluxoDeCaixa_Implementacao.png
		README.md = README.md
	EndProjectSection
EndProject
Project("{9A19103F-16F7-4668-BE54-9A1E7A4F7556}") = "FluxoDeCaixa.Domain", "FluxoDeCaixa.Domain\FluxoDeCaixa.Domain.csproj", "{2F7F8E0E-9263-4343-A152-8C4A81D5240C}"
EndProject
Project("{9A19103F-16F7-4668-BE54-9A1E7A4F7556}") = "FluxoDeCaixa.Infrastructure", "FluxoDeCaixa.Infrastructure\FluxoDeCaixa.Infrastructure.csproj", "{F62199EA-432D-415D-AD7C-F99129D918D7}"
EndProject
Project("{9A19103F-16F7-4668-BE54-9A1E7A4F7556}") = "FluxoDeCaixa.EntityFrameworkCore", "FluxoDeCaixa.EntityFrameworkCore\FluxoDeCaixa.EntityFrameworkCore.csproj", "{57FD4130-5979-4676-A288-9B0F2CDFF978}"
EndProject
Project("{9A19103F-16F7-4668-BE54-9A1E7A4F7556}") = "FluxoDeCaixa.Lancamentos.Api", "FluxoDeCaixa.Lancamentos.Api\FluxoDeCaixa.Lancamentos.Api.csproj", "{21F0117C-F648-4D54-B673-57A1A715E5E0}"
EndProject
Project("{9A19103F-16F7-4668-BE54-9A1E7A4F7556}") = "FluxoDeCaixa.Consultas.Api", "FluxoDeCaixa.Consultas.Api\FluxoDeCaixa.Consultas.Api.csproj", "{BB147791-3752-4978-83C9-0AEDD96E1497}"
EndProject
Project("{9A19103F-16F7-4668-BE54-9A1E7A4F7556}") = "FluxoDeCaixa.Lancamentos.Workers", "FluxoDeCaixa.Lancamentos.Workers\FluxoDeCaixa.Lancamentos.Workers.csproj", "{A814A7BD-5583-4200-AFC0-7CDB2FB80411}"
EndProject
Project("{9A19103F-16F7-4668-BE54-9A1E7A4F7556}") = "FluxoDeCaixa.Consolidacao.Workers", "FluxoDeCaixa.Consolidacao.Workers\FluxoDeCaixa.Consolidacao.Workers.csproj", "{8F03F4DB-0F5D-402C-A1BA-6E7C77B96480}"
EndProject
Project("{9A19103F-16F7-4668-BE54-9A1E7A4F7556}") = "FluxoDeCaixa.Politicas.Workers", "FluxoDeCaixa.Politicas.Workers\FluxoDeCaixa.Politicas.Workers.csproj", "{12D01B33-CE55-4BBB-844C-5F98844E7635}"
EndProject
Project("{E53339B2-1760-4266-BCC7-CA923CBCF16C}") = "docker-compose", "docker-compose.dcproj", "{FFB22A5A-585F-4FBC-ADB8-1D99018B12A0}"
EndProject
Project("{9A19103F-16F7-4668-BE54-9A1E7A4F7556}") = "FluxoDeCaixa.MongoDB", "FluxoDeCaixa.MongoDB\FluxoDeCaixa.MongoDB.csproj", "{ED72DF5D-394D-43C6-A4DA-B326C363E623}"
EndProject
Project("{2150E333-8FDC-42A3-9474-1A3956D46DE8}") = "Data Services", "Data Services", "{9BC513A1-A6E2-4E80-A340-BEF2090A3747}"
EndProject
Project("{2150E333-8FDC-42A3-9474-1A3956D46DE8}") = "Extensions", "Extensions", "{85A4D83C-E878-4494-AECB-72505EE30CD7}"
EndProject
Project("{9A19103F-16F7-4668-BE54-9A1E7A4F7556}") = "FluxoDeCaixa.Lancamentos.Application", "FluxoDeCaixa.Lancamentos.Application\FluxoDeCaixa.Lancamentos.Application.csproj", "{F63D1DD7-8E3A-41B5-8342-5ED2C25696BC}"
EndProject
Project("{9A19103F-16F7-4668-BE54-9A1E7A4F7556}") = "FluxoDeCaixa.Consolidacao.Application.Core", "FluxoDeCaixa.Consolidacao.Application.Core\FluxoDeCaixa.Consolidacao.Application.Core.csproj", "{4AE83297-ED7E-4E62-82E7-505BD30A739E}"
EndProject
Project("{9A19103F-16F7-4668-BE54-9A1E7A4F7556}") = "FluxoDeCaixa.Lancamentos.Application.Core", "FluxoDeCaixa.Lancamentos.Application.Core\FluxoDeCaixa.Lancamentos.Application.Core.csproj", "{457034CE-33BE-42C0-B40B-AC8799E3321D}"
EndProject
Project("{9A19103F-16F7-4668-BE54-9A1E7A4F7556}") = "FluxoDeCaixa.Consultas.Application", "FluxoDeCaixa.Consultas.Application\FluxoDeCaixa.Consultas.Application.csproj", "{BD1BFCA7-2C07-4619-B942-C00B6424E076}"
EndProject
Project("{9A19103F-16F7-4668-BE54-9A1E7A4F7556}") = "System.Extensions", "System.Extensions\System.Extensions.csproj", "{51210988-BA4C-4500-BF51-F576C2E4BEB3}"
EndProject
Project("{9A19103F-16F7-4668-BE54-9A1E7A4F7556}") = "FluxoDeCaixa.Lancamentos.Application.Tests", "FluxoDeCaixa.Lancamentos.Application.Tests\FluxoDeCaixa.Lancamentos.Application.Tests.csproj", "{CEE40310-2106-4FA1-9C6B-4E54FD6CF9CC}"
EndProject
Project("{9A19103F-16F7-4668-BE54-9A1E7A4F7556}") = "FluxoDeCaixa.Domain.Tests", "FluxoDeCaixa.Domain.Tests\FluxoDeCaixa.Domain.Tests.csproj", "{8C40177B-085D-442A-81DE-FABE045B8324}"
EndProject
Project("{2150E333-8FDC-42A3-9474-1A3956D46DE8}") = "Messaging", "Messaging", "{51EB84F1-708C-4D47-A271-D8FB7A24D464}"
EndProject
Project("{9A19103F-16F7-4668-BE54-9A1E7A4F7556}") = "FluxoDeCaixa.RabbitMQ", "FluxoDeCaixa.RabbitMQ\FluxoDeCaixa.RabbitMQ.csproj", "{331B664B-8011-4213-9CC4-566C7C944044}"
EndProject
Project("{9A19103F-16F7-4668-BE54-9A1E7A4F7556}") = "FluxoDeCaixa.Consolidacao.Application", "FluxoDeCaixa.Consolidacao.Application\FluxoDeCaixa.Consolidacao.Application.csproj", "{939A6A0D-CD30-404B-85E6-246F7641F88B}"
EndProject
Project("{9A19103F-16F7-4668-BE54-9A1E7A4F7556}") = "MediatR.Extensions.Microsoft.DependencyInjection", "MediatR.Extensions.Microsoft.DependencyInjection\MediatR.Extensions.Microsoft.DependencyInjection.csproj", "{7D701998-9674-4F28-8A28-64A80280123F}"
EndProject
Project("{9A19103F-16F7-4668-BE54-9A1E7A4F7556}") = "FluxoDeCaixa.RabbitMQ.Tests", "FluxoDeCaixa.RabbitMQ.Tests\FluxoDeCaixa.RabbitMQ.Tests.csproj", "{B24EB61A-1BEC-4D71-8672-B83D23A7B1DB}"
EndProject
Global
	GlobalSection(SolutionConfigurationPlatforms) = preSolution
		Debug|Any CPU = Debug|Any CPU
		Release|Any CPU = Release|Any CPU
	EndGlobalSection
	GlobalSection(ProjectConfigurationPlatforms) = postSolution
		{2F7F8E0E-9263-4343-A152-8C4A81D5240C}.Debug|Any CPU.ActiveCfg = Debug|Any CPU
		{2F7F8E0E-9263-4343-A152-8C4A81D5240C}.Debug|Any CPU.Build.0 = Debug|Any CPU
		{2F7F8E0E-9263-4343-A152-8C4A81D5240C}.Release|Any CPU.ActiveCfg = Release|Any CPU
		{2F7F8E0E-9263-4343-A152-8C4A81D5240C}.Release|Any CPU.Build.0 = Release|Any CPU
		{F62199EA-432D-415D-AD7C-F99129D918D7}.Debug|Any CPU.ActiveCfg = Debug|Any CPU
		{F62199EA-432D-415D-AD7C-F99129D918D7}.Debug|Any CPU.Build.0 = Debug|Any CPU
		{F62199EA-432D-415D-AD7C-F99129D918D7}.Release|Any CPU.ActiveCfg = Release|Any CPU
		{F62199EA-432D-415D-AD7C-F99129D918D7}.Release|Any CPU.Build.0 = Release|Any CPU
		{57FD4130-5979-4676-A288-9B0F2CDFF978}.Debug|Any CPU.ActiveCfg = Debug|Any CPU
		{57FD4130-5979-4676-A288-9B0F2CDFF978}.Debug|Any CPU.Build.0 = Debug|Any CPU
		{57FD4130-5979-4676-A288-9B0F2CDFF978}.Release|Any CPU.ActiveCfg = Release|Any CPU
		{57FD4130-5979-4676-A288-9B0F2CDFF978}.Release|Any CPU.Build.0 = Release|Any CPU
		{21F0117C-F648-4D54-B673-57A1A715E5E0}.Debug|Any CPU.ActiveCfg = Debug|Any CPU
		{21F0117C-F648-4D54-B673-57A1A715E5E0}.Debug|Any CPU.Build.0 = Debug|Any CPU
		{21F0117C-F648-4D54-B673-57A1A715E5E0}.Release|Any CPU.ActiveCfg = Release|Any CPU
		{21F0117C-F648-4D54-B673-57A1A715E5E0}.Release|Any CPU.Build.0 = Release|Any CPU
		{BB147791-3752-4978-83C9-0AEDD96E1497}.Debug|Any CPU.ActiveCfg = Debug|Any CPU
		{BB147791-3752-4978-83C9-0AEDD96E1497}.Debug|Any CPU.Build.0 = Debug|Any CPU
		{BB147791-3752-4978-83C9-0AEDD96E1497}.Release|Any CPU.ActiveCfg = Release|Any CPU
		{BB147791-3752-4978-83C9-0AEDD96E1497}.Release|Any CPU.Build.0 = Release|Any CPU
		{A814A7BD-5583-4200-AFC0-7CDB2FB80411}.Debug|Any CPU.ActiveCfg = Debug|Any CPU
		{A814A7BD-5583-4200-AFC0-7CDB2FB80411}.Debug|Any CPU.Build.0 = Debug|Any CPU
		{A814A7BD-5583-4200-AFC0-7CDB2FB80411}.Release|Any CPU.ActiveCfg = Release|Any CPU
		{A814A7BD-5583-4200-AFC0-7CDB2FB80411}.Release|Any CPU.Build.0 = Release|Any CPU
		{8F03F4DB-0F5D-402C-A1BA-6E7C77B96480}.Debug|Any CPU.ActiveCfg = Debug|Any CPU
		{8F03F4DB-0F5D-402C-A1BA-6E7C77B96480}.Debug|Any CPU.Build.0 = Debug|Any CPU
		{8F03F4DB-0F5D-402C-A1BA-6E7C77B96480}.Release|Any CPU.ActiveCfg = Release|Any CPU
		{8F03F4DB-0F5D-402C-A1BA-6E7C77B96480}.Release|Any CPU.Build.0 = Release|Any CPU
		{12D01B33-CE55-4BBB-844C-5F98844E7635}.Debug|Any CPU.ActiveCfg = Debug|Any CPU
		{12D01B33-CE55-4BBB-844C-5F98844E7635}.Debug|Any CPU.Build.0 = Debug|Any CPU
		{12D01B33-CE55-4BBB-844C-5F98844E7635}.Release|Any CPU.ActiveCfg = Release|Any CPU
		{12D01B33-CE55-4BBB-844C-5F98844E7635}.Release|Any CPU.Build.0 = Release|Any CPU
		{FFB22A5A-585F-4FBC-ADB8-1D99018B12A0}.Debug|Any CPU.ActiveCfg = Debug|Any CPU
		{FFB22A5A-585F-4FBC-ADB8-1D99018B12A0}.Debug|Any CPU.Build.0 = Debug|Any CPU
		{FFB22A5A-585F-4FBC-ADB8-1D99018B12A0}.Release|Any CPU.ActiveCfg = Release|Any CPU
		{FFB22A5A-585F-4FBC-ADB8-1D99018B12A0}.Release|Any CPU.Build.0 = Release|Any CPU
		{ED72DF5D-394D-43C6-A4DA-B326C363E623}.Debug|Any CPU.ActiveCfg = Debug|Any CPU
		{ED72DF5D-394D-43C6-A4DA-B326C363E623}.Debug|Any CPU.Build.0 = Debug|Any CPU
		{ED72DF5D-394D-43C6-A4DA-B326C363E623}.Release|Any CPU.ActiveCfg = Release|Any CPU
		{ED72DF5D-394D-43C6-A4DA-B326C363E623}.Release|Any CPU.Build.0 = Release|Any CPU
		{F63D1DD7-8E3A-41B5-8342-5ED2C25696BC}.Debug|Any CPU.ActiveCfg = Debug|Any CPU
		{F63D1DD7-8E3A-41B5-8342-5ED2C25696BC}.Debug|Any CPU.Build.0 = Debug|Any CPU
		{F63D1DD7-8E3A-41B5-8342-5ED2C25696BC}.Release|Any CPU.ActiveCfg = Release|Any CPU
		{F63D1DD7-8E3A-41B5-8342-5ED2C25696BC}.Release|Any CPU.Build.0 = Release|Any CPU
		{4AE83297-ED7E-4E62-82E7-505BD30A739E}.Debug|Any CPU.ActiveCfg = Debug|Any CPU
		{4AE83297-ED7E-4E62-82E7-505BD30A739E}.Debug|Any CPU.Build.0 = Debug|Any CPU
		{4AE83297-ED7E-4E62-82E7-505BD30A739E}.Release|Any CPU.ActiveCfg = Release|Any CPU
		{4AE83297-ED7E-4E62-82E7-505BD30A739E}.Release|Any CPU.Build.0 = Release|Any CPU
		{457034CE-33BE-42C0-B40B-AC8799E3321D}.Debug|Any CPU.ActiveCfg = Debug|Any CPU
		{457034CE-33BE-42C0-B40B-AC8799E3321D}.Debug|Any CPU.Build.0 = Debug|Any CPU
		{457034CE-33BE-42C0-B40B-AC8799E3321D}.Release|Any CPU.ActiveCfg = Release|Any CPU
		{457034CE-33BE-42C0-B40B-AC8799E3321D}.Release|Any CPU.Build.0 = Release|Any CPU
		{BD1BFCA7-2C07-4619-B942-C00B6424E076}.Debug|Any CPU.ActiveCfg = Debug|Any CPU
		{BD1BFCA7-2C07-4619-B942-C00B6424E076}.Debug|Any CPU.Build.0 = Debug|Any CPU
		{BD1BFCA7-2C07-4619-B942-C00B6424E076}.Release|Any CPU.ActiveCfg = Release|Any CPU
		{BD1BFCA7-2C07-4619-B942-C00B6424E076}.Release|Any CPU.Build.0 = Release|Any CPU
		{51210988-BA4C-4500-BF51-F576C2E4BEB3}.Debug|Any CPU.ActiveCfg = Debug|Any CPU
		{51210988-BA4C-4500-BF51-F576C2E4BEB3}.Debug|Any CPU.Build.0 = Debug|Any CPU
		{51210988-BA4C-4500-BF51-F576C2E4BEB3}.Release|Any CPU.ActiveCfg = Release|Any CPU
		{51210988-BA4C-4500-BF51-F576C2E4BEB3}.Release|Any CPU.Build.0 = Release|Any CPU
		{CEE40310-2106-4FA1-9C6B-4E54FD6CF9CC}.Debug|Any CPU.ActiveCfg = Debug|Any CPU
		{CEE40310-2106-4FA1-9C6B-4E54FD6CF9CC}.Debug|Any CPU.Build.0 = Debug|Any CPU
		{CEE40310-2106-4FA1-9C6B-4E54FD6CF9CC}.Release|Any CPU.ActiveCfg = Release|Any CPU
		{CEE40310-2106-4FA1-9C6B-4E54FD6CF9CC}.Release|Any CPU.Build.0 = Release|Any CPU
		{8C40177B-085D-442A-81DE-FABE045B8324}.Debug|Any CPU.ActiveCfg = Debug|Any CPU
		{8C40177B-085D-442A-81DE-FABE045B8324}.Debug|Any CPU.Build.0 = Debug|Any CPU
		{8C40177B-085D-442A-81DE-FABE045B8324}.Release|Any CPU.ActiveCfg = Release|Any CPU
		{8C40177B-085D-442A-81DE-FABE045B8324}.Release|Any CPU.Build.0 = Release|Any CPU
		{331B664B-8011-4213-9CC4-566C7C944044}.Debug|Any CPU.ActiveCfg = Debug|Any CPU
		{331B664B-8011-4213-9CC4-566C7C944044}.Debug|Any CPU.Build.0 = Debug|Any CPU
		{331B664B-8011-4213-9CC4-566C7C944044}.Release|Any CPU.ActiveCfg = Release|Any CPU
		{331B664B-8011-4213-9CC4-566C7C944044}.Release|Any CPU.Build.0 = Release|Any CPU
		{939A6A0D-CD30-404B-85E6-246F7641F88B}.Debug|Any CPU.ActiveCfg = Debug|Any CPU
		{939A6A0D-CD30-404B-85E6-246F7641F88B}.Debug|Any CPU.Build.0 = Debug|Any CPU
		{939A6A0D-CD30-404B-85E6-246F7641F88B}.Release|Any CPU.ActiveCfg = Release|Any CPU
		{939A6A0D-CD30-404B-85E6-246F7641F88B}.Release|Any CPU.Build.0 = Release|Any CPU
		{7D701998-9674-4F28-8A28-64A80280123F}.Debug|Any CPU.ActiveCfg = Debug|Any CPU
		{7D701998-9674-4F28-8A28-64A80280123F}.Debug|Any CPU.Build.0 = Debug|Any CPU
		{7D701998-9674-4F28-8A28-64A80280123F}.Release|Any CPU.ActiveCfg = Release|Any CPU
		{7D701998-9674-4F28-8A28-64A80280123F}.Release|Any CPU.Build.0 = Release|Any CPU
		{B24EB61A-1BEC-4D71-8672-B83D23A7B1DB}.Debug|Any CPU.ActiveCfg = Debug|Any CPU
		{B24EB61A-1BEC-4D71-8672-B83D23A7B1DB}.Debug|Any CPU.Build.0 = Debug|Any CPU
		{B24EB61A-1BEC-4D71-8672-B83D23A7B1DB}.Release|Any CPU.ActiveCfg = Release|Any CPU
		{B24EB61A-1BEC-4D71-8672-B83D23A7B1DB}.Release|Any CPU.Build.0 = Release|Any CPU
	EndGlobalSection
	GlobalSection(SolutionProperties) = preSolution
		HideSolutionNode = FALSE
	EndGlobalSection
	GlobalSection(NestedProjects) = preSolution
		{2F7F8E0E-9263-4343-A152-8C4A81D5240C} = {3D53E1CF-78D8-434C-88F6-21F0B3C9AC65}
		{F62199EA-432D-415D-AD7C-F99129D918D7} = {6EF5194D-65E8-4937-B3B6-3493ED720CAB}
		{57FD4130-5979-4676-A288-9B0F2CDFF978} = {9BC513A1-A6E2-4E80-A340-BEF2090A3747}
		{21F0117C-F648-4D54-B673-57A1A715E5E0} = {87C0E72E-A27C-426F-BC2F-C9418D3FAB8C}
		{BB147791-3752-4978-83C9-0AEDD96E1497} = {87C0E72E-A27C-426F-BC2F-C9418D3FAB8C}
		{A814A7BD-5583-4200-AFC0-7CDB2FB80411} = {87C0E72E-A27C-426F-BC2F-C9418D3FAB8C}
		{8F03F4DB-0F5D-402C-A1BA-6E7C77B96480} = {87C0E72E-A27C-426F-BC2F-C9418D3FAB8C}
		{12D01B33-CE55-4BBB-844C-5F98844E7635} = {87C0E72E-A27C-426F-BC2F-C9418D3FAB8C}
		{ED72DF5D-394D-43C6-A4DA-B326C363E623} = {9BC513A1-A6E2-4E80-A340-BEF2090A3747}
		{9BC513A1-A6E2-4E80-A340-BEF2090A3747} = {6EF5194D-65E8-4937-B3B6-3493ED720CAB}
		{85A4D83C-E878-4494-AECB-72505EE30CD7} = {9CF5732B-7049-46E6-9C32-FAFEFBAC5652}
		{F63D1DD7-8E3A-41B5-8342-5ED2C25696BC} = {EC5C55BA-10E7-4C0F-BA8F-33FFC4D36D8C}
		{4AE83297-ED7E-4E62-82E7-505BD30A739E} = {EC5C55BA-10E7-4C0F-BA8F-33FFC4D36D8C}
		{457034CE-33BE-42C0-B40B-AC8799E3321D} = {EC5C55BA-10E7-4C0F-BA8F-33FFC4D36D8C}
		{BD1BFCA7-2C07-4619-B942-C00B6424E076} = {EC5C55BA-10E7-4C0F-BA8F-33FFC4D36D8C}
		{51210988-BA4C-4500-BF51-F576C2E4BEB3} = {85A4D83C-E878-4494-AECB-72505EE30CD7}
		{CEE40310-2106-4FA1-9C6B-4E54FD6CF9CC} = {EC5C55BA-10E7-4C0F-BA8F-33FFC4D36D8C}
		{8C40177B-085D-442A-81DE-FABE045B8324} = {3D53E1CF-78D8-434C-88F6-21F0B3C9AC65}
		{51EB84F1-708C-4D47-A271-D8FB7A24D464} = {6EF5194D-65E8-4937-B3B6-3493ED720CAB}
		{331B664B-8011-4213-9CC4-566C7C944044} = {51EB84F1-708C-4D47-A271-D8FB7A24D464}
		{939A6A0D-CD30-404B-85E6-246F7641F88B} = {EC5C55BA-10E7-4C0F-BA8F-33FFC4D36D8C}
		{7D701998-9674-4F28-8A28-64A80280123F} = {85A4D83C-E878-4494-AECB-72505EE30CD7}
		{B24EB61A-1BEC-4D71-8672-B83D23A7B1DB} = {51EB84F1-708C-4D47-A271-D8FB7A24D464}
	EndGlobalSection
	GlobalSection(ExtensibilityGlobals) = postSolution
		SolutionGuid = {B7C1E9A1-3A37-48C1-AC8D-339ABC42DB6D}
	EndGlobalSection
EndGlobal
